dependencies:
- name: rails-app-with-database
  repository: https://open-circle-ltd.github.io/helm-charts
  version: 0.2.1
- name: valkey
  repository: https://valkey.io/valkey-helm/
  version: 0.9.4
digest: sha256:d63a36fe168a260a4dc816003921bb475be057fda953d962e4a36652918a3247
generated: "2026-05-08T12:05:10.546561+02:00"
